
Microsoft Visual Studio Solution File, Format Version 12.00
# Visual Studio Version 16
VisualStudioVersion = 16.0.29123.88
MinimumVisualStudioVersion = 10.0.40219.1
Project("{FAE04EC0-301F-11D3-BF4B-00C04F79EFBC}") = "FIT5032_Week03", "FIT5032_Week03\FIT5032_Week03.csproj", "{3BC68EE3-E92E-4317-A2E4-2067130B00F1}"
EndProject
Global
	GlobalSection(SolutionConfigurationPlatforms) = preSolution
		Debug|Any CPU = Debug|Any CPU
		Release|Any CPU = Release|Any CPU
	EndGlobalSection
	GlobalSection(ProjectConfigurationPlatforms) = postSolution
		{3BC68EE3-E92E-4317-A2E4-2067130B00F1}.Debug|Any CPU.ActiveCfg = Debug|Any CPU
		{3BC68EE3-E92E-4317-A2E4-2067130B00F1}.Debug|Any CPU.Build.0 = Debug|Any CPU
		{3BC68EE3-E92E-4317-A2E4-2067130B00F1}.Release|Any CPU.ActiveCfg = Release|Any CPU
		{3BC68EE3-E92E-4317-A2E4-2067130B00F1}.Release|Any CPU.Build.0 = Release|Any CPU
	EndGlobalSection
	GlobalSection(SolutionProperties) = preSolution
		HideSolutionNode = FALSE
	EndGlobalSection
	GlobalSection(ExtensibilityGlobals) = postSolution
		SolutionGuid = {D7E4E9DC-4985-4143-80EB-9B707AB919D7}
	EndGlobalSection
EndGlobal
